// !$*UTF8*$!
{
	archiveVersion = 1;
	classes = {
	};
	objectVersion = 46;
	objects = {

/* Begin PBXBuildFile section */
		055D2FA71B96A8D7006FD267 /* main.m in Sources */ = {isa = PBXBuildFile; fileRef = 055D2FA61B96A8D7006FD267 /* main.m */; };
		055D2FAA1B96A8D7006FD267 /* AppDelegate.m in Sources */ = {isa = PBXBuildFile; fileRef = 055D2FA91B96A8D7006FD267 /* AppDelegate.m */; };
		055D2FAD1B96A8D7006FD267 /* MasterViewController.m in Sources */ = {isa = PBXBuildFile; fileRef = 055D2FAC1B96A8D7006FD267 /* MasterViewController.m */; };
		055D2FB31B96A8D7006FD267 /* Main.storyboard in Resources */ = {isa = PBXBuildFile; fileRef = 055D2FB11B96A8D7006FD267 /* Main.storyboard */; };
		055D2FB51B96A8D7006FD267 /* Assets.xcassets in Resources */ = {isa = PBXBuildFile; fileRef = 055D2FB41B96A8D7006FD267 /* Assets.xcassets */; };
		055D2FB81B96A8D7006FD267 /* LaunchScreen.storyboard in Resources */ = {isa = PBXBuildFile; fileRef = 055D2FB61B96A8D7006FD267 /* LaunchScreen.storyboard */; };
		055D2FC11B96A8F5006FD267 /* GFStatusLevelWindow.m in Sources */ = {isa = PBXBuildFile; fileRef = 055D2FC01B96A8F5006FD267 /* GFStatusLevelWindow.m */; settings = {ASSET_TAGS = (); }; };
		055D2FC41B96A927006FD267 /* PrettyOverlay.m in Sources */ = {isa = PBXBuildFile; fileRef = 055D2FC31B96A927006FD267 /* PrettyOverlay.m */; settings = {ASSET_TAGS = (); }; };
/* End PBXBuildFile section */

/* Begin PBXFileReference section */
		055D2FA21B96A8D7006FD267 /* OverlayWindowTest.app */ = {isa = PBXFileReference; explicitFileType = wrapper.application; includeInIndex = 0; path = OverlayWindowTest.app; sourceTree = BUILT_PRODUCTS_DIR; };
		055D2FA61B96A8D7006FD267 /* main.m */ = {isa = PBXFileReference; lastKnownFileType = sourcecode.c.objc; path = main.m; sourceTree = "<group>"; };
		055D2FA81B96A8D7006FD267 /* AppDelegate.h */ = {isa = PBXFileReference; lastKnownFileType = sourcecode.c.h; path = AppDelegate.h; sourceTree = "<group>"; };
		055D2FA91B96A8D7006FD267 /* AppDelegate.m */ = {isa = PBXFileReference; lastKnownFileType = sourcecode.c.objc; path = AppDelegate.m; sourceTree = "<group>"; };
		055D2FAB1B96A8D7006FD267 /* MasterViewController.h */ = {isa = PBXFileReference; lastKnownFileType = sourcecode.c.h; path = MasterViewController.h; sourceTree = "<group>"; };
		055D2FAC1B96A8D7006FD267 /* MasterViewController.m */ = {isa = PBXFileReference; lastKnownFileType = sourcecode.c.objc; path = MasterViewController.m; sourceTree = "<group>"; };
		055D2FB21B96A8D7006FD267 /* Base */ = {isa = PBXFileReference; lastKnownFileType = file.storyboard; name = Base; path = Base.lproj/Main.storyboard; sourceTree = "<group>"; };
		055D2FB41B96A8D7006FD267 /* Assets.xcassets */ = {isa = PBXFileReference; lastKnownFileType = folder.assetcatalog; path = Assets.xcassets; sourceTree = "<group>"; };
		055D2FB71B96A8D7006FD267 /* Base */ = {isa = PBXFileReference; lastKnownFileType = file.storyboard; name = Base; path = Base.lproj/LaunchScreen.storyboard; sourceTree = "<group>"; };
		055D2FB91B96A8D7006FD267 /* Info.plist */ = {isa = PBXFileReference; lastKnownFileType = text.plist.xml; path = Info.plist; sourceTree = "<group>"; };
		055D2FBF1B96A8F5006FD267 /* GFStatusLevelWindow.h */ = {isa = PBXFileReference; fileEncoding = 4; lastKnownFileType = sourcecode.c.h; path = GFStatusLevelWindow.h; sourceTree = "<group>"; };
		055D2FC01B96A8F5006FD267 /* GFStatusLevelWindow.m */ = {isa = PBXFileReference; fileEncoding = 4; lastKnownFileType = sourcecode.c.objc; path = GFStatusLevelWindow.m; sourceTree = "<group>"; };
		055D2FC21B96A927006FD267 /* PrettyOverlay.h */ = {isa = PBXFileReference; fileEncoding = 4; lastKnownFileType = sourcecode.c.h; path = PrettyOverlay.h; sourceTree = "<group>"; };
		055D2FC31B96A927006FD267 /* PrettyOverlay.m */ = {isa = PBXFileReference; fileEncoding = 4; lastKnownFileType = sourcecode.c.objc; path = PrettyOverlay.m; sourceTree = "<group>"; };
/* End PBXFileReference section */

/* Begin PBXFrameworksBuildPhase section */
		055D2F9F1B96A8D7006FD267 /* Frameworks */ = {
			isa = PBXFrameworksBuildPhase;
			buildActionMask = 2147483647;
			files = (
			);
			runOnlyForDeploymentPostprocessing = 0;
		};
/* End PBXFrameworksBuildPhase section */

/* Begin PBXGroup section */
		055D2F991B96A8D7006FD267 = {
			isa = PBXGroup;
			children = (
				055D2FA41B96A8D7006FD267 /* OverlayWindowTest */,
				055D2FA31B96A8D7006FD267 /* Products */,
			);
			sourceTree = "<group>";
		};
		055D2FA31B96A8D7006FD267 /* Products */ = {
			isa = PBXGroup;
			children = (
				055D2FA21B96A8D7006FD267 /* OverlayWindowTest.app */,
			);
			name = Products;
			sourceTree = "<group>";
		};
		055D2FA41B96A8D7006FD267 /* OverlayWindowTest */ = {
			isa = PBXGroup;
			children = (
				055D2FA81B96A8D7006FD267 /* AppDelegate.h */,
				055D2FA91B96A8D7006FD267 /* AppDelegate.m */,
				055D2FAB1B96A8D7006FD267 /* MasterViewController.h */,
				055D2FAC1B96A8D7006FD267 /* MasterViewController.m */,
				055D2FBF1B96A8F5006FD267 /* GFStatusLevelWindow.h */,
				055D2FC01B96A8F5006FD267 /* GFStatusLevelWindow.m */,
				055D2FC21B96A927006FD267 /* PrettyOverlay.h */,
				055D2FC31B96A927006FD267 /* PrettyOverlay.m */,
				055D2FB11B96A8D7006FD267 /* Main.storyboard */,
				055D2FB41B96A8D7006FD267 /* Assets.xcassets */,
				055D2FB61B96A8D7006FD267 /* LaunchScreen.storyboard */,
				055D2FB91B96A8D7006FD267 /* Info.plist */,
				055D2FA51B96A8D7006FD267 /* Supporting Files */,
			);
			path = OverlayWindowTest;
			sourceTree = "<group>";
		};
		055D2FA51B96A8D7006FD267 /* Supporting Files */ = {
			isa = PBXGroup;
			children = (
				055D2FA61B96A8D7006FD267 /* main.m */,
			);
			name = "Supporting Files";
			sourceTree = "<group>";
		};
/* End PBXGroup section */

/* Begin PBXNativeTarget section */
		055D2FA11B96A8D7006FD267 /* OverlayWindowTest */ = {
			isa = PBXNativeTarget;
			buildConfigurationList = 055D2FBC1B96A8D7006FD267 /* Build configuration list for PBXNativeTarget "OverlayWindowTest" */;
			buildPhases = (
				055D2F9E1B96A8D7006FD267 /* Sources */,
				055D2F9F1B96A8D7006FD267 /* Frameworks */,
				055D2FA01B96A8D7006FD267 /* Resources */,
			);
			buildRules = (
			);
			dependencies = (
			);
			name = OverlayWindowTest;
			productName = OverlayWindowTest;
			productReference = 055D2FA21B96A8D7006FD267 /* OverlayWindowTest.app */;
			productType = "com.apple.product-type.application";
		};
/* End PBXNativeTarget section */

/* Begin PBXProject section */
		055D2F9A1B96A8D7006FD267 /* Project object */ = {
			isa = PBXProject;
			attributes = {
				LastUpgradeCheck = 0700;
				ORGANIZATIONNAME = Lookback;
				TargetAttributes = {
					055D2FA11B96A8D7006FD267 = {
						CreatedOnToolsVersion = 7.0;
					};
				};
			};
			buildConfigurationList = 055D2F9D1B96A8D7006FD267 /* Build configuration list for PBXProject "OverlayWindowTest" */;
			compatibilityVersion = "Xcode 3.2";
			developmentRegion = English;
			hasScannedForEncodings = 0;
			knownRegions = (
				en,
				Base,
			);
			mainGroup = 055D2F991B96A8D7006FD267;
			productRefGroup = 055D2FA31B96A8D7006FD267 /* Products */;
			projectDirPath = "";
			projectRoot = "";
			targets = (
				055D2FA11B96A8D7006FD267 /* OverlayWindowTest */,
			);
		};
/* End PBXProject section */

/* Begin PBXResourcesBuildPhase section */
		055D2FA01B96A8D7006FD267 /* Resources */ = {
			isa = PBXResourcesBuildPhase;
			buildActionMask = 2147483647;
			files = (
				055D2FB81B96A8D7006FD267 /* LaunchScreen.storyboard in Resources */,
				055D2FB51B96A8D7006FD267 /* Assets.xcassets in Resources */,
				055D2FB31B96A8D7006FD267 /* Main.storyboard in Resources */,
			);
			runOnlyForDeploymentPostprocessing = 0;
		};
/* End PBXResourcesBuildPhase section */

/* Begin PBXSourcesBuildPhase section */
		055D2F9E1B96A8D7006FD267 /* Sources */ = {
			isa = PBXSourcesBuildPhase;
			buildActionMask = 2147483647;
			files = (
				055D2FC41B96A927006FD267 /* PrettyOverlay.m in Sources */,
				055D2FAA1B96A8D7006FD267 /* AppDelegate.m in Sources */,
				055D2FAD1B96A8D7006FD267 /* MasterViewController.m in Sources */,
				055D2FC11B96A8F5006FD267 /* GFStatusLevelWindow.m in Sources */,
				055D2FA71B96A8D7006FD267 /* main.m in Sources */,
			);
			runOnlyForDeploymentPostprocessing = 0;
		};
/* End PBXSourcesBuildPhase section */

/* Begin PBXVariantGroup section */
		055D2FB11B96A8D7006FD267 /* Main.storyboard */ = {
			isa = PBXVariantGroup;
			children = (
				055D2FB21B96A8D7006FD267 /* Base */,
			);
			name = Main.storyboard;
			sourceTree = "<group>";
		};
		055D2FB61B96A8D7006FD267 /* LaunchScreen.storyboard */ = {
			isa = PBXVariantGroup;
			children = (
				055D2FB71B96A8D7006FD267 /* Base */,
			);
			name = LaunchScreen.storyboard;
			sourceTree = "<group>";
		};
/* End PBXVariantGroup section */

/* Begin XCBuildConfiguration section */
		055D2FBA1B96A8D7006FD267 /* Debug */ = {
			isa = XCBuildConfiguration;
			buildSettings = {
				ALWAYS_SEARCH_USER_PATHS = NO;
				CLANG_CXX_LANGUAGE_STANDARD = "gnu++0x";
				CLANG_CXX_LIBRARY = "libc++";
				CLANG_ENABLE_MODULES = YES;
				CLANG_ENABLE_OBJC_ARC = YES;
				CLANG_WARN_BOOL_CONVERSION = YES;
				CLANG_WARN_CONSTANT_CONVERSION = YES;
				CLANG_WARN_DIRECT_OBJC_ISA_USAGE = YES_ERROR;
				CLANG_WARN_EMPTY_BODY = YES;
				CLANG_WARN_ENUM_CONVERSION = YES;
				CLANG_WARN_INT_CONVERSION = YES;
				CLANG_WARN_OBJC_ROOT_CLASS = YES_ERROR;
				CLANG_WARN_UNREACHABLE_CODE = YES;
				CLANG_WARN__DUPLICATE_METHOD_MATCH = YES;
				"CODE_SIGN_IDENTITY[sdk=iphoneos*]" = "iPhone Developer";
				COPY_PHASE_STRIP = NO;
				DEBUG_INFORMATION_FORMAT = dwarf;
				ENABLE_STRICT_OBJC_MSGSEND = YES;
				ENABLE_TESTABILITY = YES;
				GCC_C_LANGUAGE_STANDARD = gnu99;
				GCC_DYNAMIC_NO_PIC = NO;
				GCC_NO_COMMON_BLOCKS = YES;
				GCC_OPTIMIZATION_LEVEL = 0;
				GCC_PREPROCESSOR_DEFINITIONS = (
					"DEBUG=1",
					"$(inherited)",
				);
				GCC_WARN_64_TO_32_BIT_CONVERSION = YES;
				GCC_WARN_ABOUT_RETURN_TYPE = YES_ERROR;
				GCC_WARN_UNDECLARED_SELECTOR = YES;
				GCC_WARN_UNINITIALIZED_AUTOS = YES_AGGRESSIVE;
				GCC_WARN_UNUSED_FUNCTION = YES;
				GCC_WARN_UNUSED_VARIABLE = YES;
				IPHONEOS_DEPLOYMENT_TARGET = 9.0;
				MTL_ENABLE_DEBUG_INFO = YES;
				ONLY_ACTIVE_ARCH = YES;
				SDKROOT = iphoneos;
				TARGETED_DEVICE_FAMILY = "1,2";
			};
			name = Debug;
		};
		055D2FBB1B96A8D7006FD267 /* Release */ = {
			isa = XCBuildConfiguration;
			buildSettings = {
				ALWAYS_SEARCH_USER_PATHS = NO;
				CLANG_CXX_LANGUAGE_STANDARD = "gnu++0x";
				CLANG_CXX_LIBRARY = "libc++";
				CLANG_ENABLE_MODULES = YES;
				CLANG_ENABLE_OBJC_ARC = YES;
				CLANG_WARN_BOOL_CONVERSION = YES;
				CLANG_WARN_CONSTANT_CONVERSION = YES;
				CLANG_WARN_DIRECT_OBJC_ISA_USAGE = YES_ERROR;
				CLANG_WARN_EMPTY_BODY = YES;
				CLANG_WARN_ENUM_CONVERSION = YES;
				CLANG_WARN_INT_CONVERSION = YES;
				CLANG_WARN_OBJC_ROOT_CLASS = YES_ERROR;
				CLANG_WARN_UNREACHABLE_CODE = YES;
				CLANG_WARN__DUPLICATE_METHOD_MATCH = YES;
				"CODE_SIGN_IDENTITY[sdk=iphoneos*]" = "iPhone Developer";
				COPY_PHASE_STRIP = NO;
				DEBUG_INFORMATION_FORMAT = "dwarf-with-dsym";
				ENABLE_NS_ASSERTIONS = NO;
				ENABLE_STRICT_OBJC_MSGSEND = YES;
				GCC_C_LANGUAGE_STANDARD = gnu99;
				GCC_NO_COMMON_BLOCKS = YES;
				GCC_WARN_64_TO_32_BIT_CONVERSION = YES;
				GCC_WARN_ABOUT_RETURN_TYPE = YES_ERROR;
				GCC_WARN_UNDECLARED_SELECTOR = YES;
				GCC_WARN_UNINITIALIZED_AUTOS = YES_AGGRESSIVE;
				GCC_WARN_UNUSED_FUNCTION = YES;
				GCC_WARN_UNUSED_VARIABLE = YES;
				IPHONEOS_DEPLOYMENT_TARGET = 9.0;
				MTL_ENABLE_DEBUG_INFO = NO;
				SDKROOT = iphoneos;
				TARGETED_DEVICE_FAMILY = "1,2";
				VALIDATE_PRODUCT = YES;
			};
			name = Release;
		};
		055D2FBD1B96A8D7006FD267 /* Debug */ = {
			isa = XCBuildConfiguration;
			buildSettings = {
				ASSETCATALOG_COMPILER_APPICON_NAME = AppIcon;
				INFOPLIST_FILE = OverlayWindowTest/Info.plist;
				LD_RUNPATH_SEARCH_PATHS = "$(inherited) @executable_path/Frameworks";
				PRODUCT_BUNDLE_IDENTIFIER = io.lookback.OverlayWindowTest;
				PRODUCT_NAME = "$(TARGET_NAME)";
			};
			name = Debug;
		};
		055D2FBE1B96A8D7006FD267 /* Release */ = {
			isa = XCBuildConfiguration;
			buildSettings = {
				ASSETCATALOG_COMPILER_APPICON_NAME = AppIcon;
				INFOPLIST_FILE = OverlayWindowTest/Info.plist;
				LD_RUNPATH_SEARCH_PATHS = "$(inherited) @executable_path/Frameworks";
				PRODUCT_BUNDLE_IDENTIFIER = io.lookback.OverlayWindowTest;
				PRODUCT_NAME = "$(TARGET_NAME)";
			};
			name = Release;
		};
/* End XCBuildConfiguration section */

/* Begin XCConfigurationList section */
		055D2F9D1B96A8D7006FD267 /* Build configuration list for PBXProject "OverlayWindowTest" */ = {
			isa = XCConfigurationList;
			buildConfigurations = (
				055D2FBA1B96A8D7006FD267 /* Debug */,
				055D2FBB1B96A8D7006FD267 /* Release */,
			);
			defaultConfigurationIsVisible = 0;
			defaultConfigurationName = Release;
		};
		055D2FBC1B96A8D7006FD267 /* Build configuration list for PBXNativeTarget "OverlayWindowTest" */ = {
			isa = XCConfigurationList;
			buildConfigurations = (
				055D2FBD1B96A8D7006FD267 /* Debug */,
				055D2FBE1B96A8D7006FD267 /* Release */,
			);
			defaultConfigurationIsVisible = 0;
		};
/* End XCConfigurationList section */
	};
	rootObject = 055D2F9A1B96A8D7006FD267 /* Project object */;
}
